
Microsoft Visual Studio Solution File, Format Version 10.00
# Visual C# Express 2008
Project("{FAE04EC0-301F-11D3-BF4B-00C04F79EFBC}") = "ArchanistTower", "ArchanistTower\ArchanistTower.csproj", "{838F4A18-F63C-44FA-8D97-30C80CF97BDF}"
EndProject
Global
	GlobalSection(SolutionConfigurationPlatforms) = preSolution
		Debug|x86 = Debug|x86
		Release|x86 = Release|x86
	EndGlobalSection
	GlobalSection(ProjectConfigurationPlatforms) = postSolution
		{838F4A18-F63C-44FA-8D97-30C80CF97BDF}.Debug|x86.ActiveCfg = Debug|x86
		{838F4A18-F63C-44FA-8D97-30C80CF97BDF}.Debug|x86.Build.0 = Debug|x86
		{838F4A18-F63C-44FA-8D97-30C80CF97BDF}.Release|x86.ActiveCfg = Release|x86
		{838F4A18-F63C-44FA-8D97-30C80CF97BDF}.Release|x86.Build.0 = Release|x86
		{6B2656C5-0F1E-4D47-B117-6148D392C225}.Debug|x86.ActiveCfg = Debug|x86
		{6B2656C5-0F1E-4D47-B117-6148D392C225}.Release|x86.ActiveCfg = Release|x86
	EndGlobalSection
	GlobalSection(SolutionProperties) = preSolution
		HideSolutionNode = FALSE
	EndGlobalSection
EndGlobal
